<Solution>
  <Folder Name="/Modules/">
    <Project Path="src/MediaRelay.Consol.Logging/MediaRelay.Console.Logging.csproj" />
  </Folder>
  <Folder Name="/Modules/Destinations/">
    <Project Path="src/MediaRelay.Immich/MediaRelay.Immich.csproj" />
  </Folder>
  <Folder Name="/Modules/Sources/">
    <Project Path="src/MediaRelay.Pixiv/MediaRelay.Pixiv.csproj" />
    <Project Path="src/MediaRelay.Twitter/MediaRelay.Twitter.csproj" />
  </Folder>
  <Project Path="src/MediaRelay.Abstractions/MediaRelay.Abstractions.csproj" />
  <Project Path="src/MediaRelay.Console/MediaRelay.Console.csproj" />
  <Project Path="src/MediaRelay/MediaRelay.csproj" />
  <Project Path="test/MediaRelay.Tests/MediaRelay.Tests.csproj" />
</Solution>
